
Microsoft Visual Studio Solution File, Format Version 12.00
Project("{FAE04EC0-301F-11D3-BF4B-00C04F79EFBC}") = "MeuPrimeiroProj", "MeuPrimeiroProj\MeuPrimeiroProj.csproj", "{F724239B-7FA3-4F67-AA6D-3AB0934A6586}"
EndProject
Project("{FAE04EC0-301F-11D3-BF4B-00C04F79EFBC}") = "Conversoes", "Conversoes\Conversoes.csproj", "{9EAF2328-429F-4116-AC49-744B4ADF7C48}"
EndProject
Project("{FAE04EC0-301F-11D3-BF4B-00C04F79EFBC}") = "CondicionaisELoops", "CondicionaisELoops\CondicionaisELoops.csproj", "{31BF83A9-A3B2-48FF-B2FD-28549D911C43}"
EndProject
Project("{FAE04EC0-301F-11D3-BF4B-00C04F79EFBC}") = "StringsArrays", "StringsArrays\StringsArrays.csproj", "{F74B93F7-9AE6-40D8-8AF0-4EA5E44CA854}"
EndProject
Project("{FAE04EC0-301F-11D3-BF4B-00C04F79EFBC}") = "ClasseObjeto", "ClasseObjeto\ClasseObjeto.csproj", "{C358D3CB-615D-45C8-950E-99A9F1592EDF}"
EndProject
Project("{FAE04EC0-301F-11D3-BF4B-00C04F79EFBC}") = "Heranca", "Heranca\Heranca.csproj", "{FA5FC4E4-8AA8-4522-AE52-5A140FD55391}"
EndProject
Project("{FAE04EC0-301F-11D3-BF4B-00C04F79EFBC}") = "ModificadorAcesso", "ModificadorAcesso\ModificadorAcesso.csproj", "{EBCBAF6B-3971-482A-9D0B-8E3596B025E0}"
EndProject
Project("{FAE04EC0-301F-11D3-BF4B-00C04F79EFBC}") = "Interfaces", "Interfaces\Interfaces.csproj", "{75752EF2-8FAF-4B12-A231-98F887527A1F}"
EndProject
Project("{FAE04EC0-301F-11D3-BF4B-00C04F79EFBC}") = "ClassDemo", "ClassDemo\ClassDemo.csproj", "{939752E4-DAF7-4BD0-A124-1862BE5DDEC7}"
EndProject
Project("{FAE04EC0-301F-11D3-BF4B-00C04F79EFBC}") = "FitnessClubExample", "FitnessClubExample\FitnessClubExample.csproj", "{AD5C414B-8111-401A-B9C4-4C9E10C84E02}"
EndProject
Project("{FAE04EC0-301F-11D3-BF4B-00C04F79EFBC}") = "AbstractClassDemo", "AbstractClassDemo\AbstractClassDemo.csproj", "{4D8A51CB-9F02-4004-85ED-584BFAD8AA14}"
EndProject
Project("{FAE04EC0-301F-11D3-BF4B-00C04F79EFBC}") = "InterfaceDemo", "InterfaceDemo\InterfaceDemo.csproj", "{B6651D47-D87E-4380-A441-F68F403808F1}"
EndProject
Project("{FAE04EC0-301F-11D3-BF4B-00C04F79EFBC}") = "AccessModifiersDemo", "AccessModifiersDemo\AccessModifiersDemo.csproj", "{E493EC23-DB3D-4952-A98B-FE92EDFC6EAB}"
EndProject
Project("{FAE04EC0-301F-11D3-BF4B-00C04F79EFBC}") = "EnumStructDemo", "EnumStructDemo\EnumStructDemo.csproj", "{E26E6799-8A3B-4958-BB2B-C874BC3B2513}"
EndProject
Project("{FAE04EC0-301F-11D3-BF4B-00C04F79EFBC}") = "LINQDemo", "LINQDemo\LINQDemo.csproj", "{499973EC-40EB-4A83-9641-A9A9A15ADF45}"
EndProject
Project("{FAE04EC0-301F-11D3-BF4B-00C04F79EFBC}") = "FileHandlingDemo", "FileHandlingDemo\FileHandlingDemo.csproj", "{CB674481-BFEC-4143-B18E-09DCBC176857}"
EndProject
Project("{FAE04EC0-301F-11D3-BF4B-00C04F79EFBC}") = "Generics", "Generics\Generics.csproj", "{DEAA0C9E-1AF4-47B7-873B-B6D18E90B4BF}"
EndProject
Project("{FAE04EC0-301F-11D3-BF4B-00C04F79EFBC}") = "TesteBool", "TesteBool\TesteBool.csproj", "{69EE3BE1-2673-4F8C-95B1-CA54DD49A159}"
EndProject
Project("{FAE04EC0-301F-11D3-BF4B-00C04F79EFBC}") = "LINQ", "LINQ\LINQ.csproj", "{91D07F3E-499B-42AF-99CB-CA80AED14E6E}"
EndProject
Project("{FAE04EC0-301F-11D3-BF4B-00C04F79EFBC}") = "DesafioBackup", "DesafioBackup\DesafioBackup.csproj", "{70817893-F49A-4B54-8C4F-532625AC7E56}"
EndProject
Project("{FAE04EC0-301F-11D3-BF4B-00C04F79EFBC}") = "JsonToDict", "JsonToDict\JsonToDict.csproj", "{B1538E32-54B4-4AE9-B07B-7B749A915614}"
EndProject
Project("{FAE04EC0-301F-11D3-BF4B-00C04F79EFBC}") = "LinqLambda", "LinqLambda\LinqLambda.csproj", "{C842D6CF-0B18-455F-843F-EC8FEA6C987D}"
EndProject
Project("{FAE04EC0-301F-11D3-BF4B-00C04F79EFBC}") = "MeuPrimeiroTeste-xUnit", "MeuPrimeiroTeste-xUnit\MeuPrimeiroTeste-xUnit.csproj", "{8A53109F-382E-43C2-B71C-025BE83004E4}"
EndProject
Project("{FAE04EC0-301F-11D3-BF4B-00C04F79EFBC}") = "TesteFileImport", "TesteFileImport\TesteFileImport.csproj", "{096129C7-5F59-43F7-AB36-B258D6987432}"
EndProject
Project("{FAE04EC0-301F-11D3-BF4B-00C04F79EFBC}") = "TestNullable", "TestNullable\TestNullable.csproj", "{F7951F2A-3F09-4875-A211-BD45ECE53D02}"
EndProject
Project("{FAE04EC0-301F-11D3-BF4B-00C04F79EFBC}") = "TesteHeranca", "TesteHeranca\TesteHeranca.csproj", "{7AA1383F-48ED-4C45-BBFB-B03E0EB4B9C4}"
EndProject
Project("{FAE04EC0-301F-11D3-BF4B-00C04F79EFBC}") = "TestList", "TestList\TestList.csproj", "{B6B60E08-DD68-47F5-BBA3-53F1350D03B9}"
EndProject
Project("{FAE04EC0-301F-11D3-BF4B-00C04F79EFBC}") = "ValidatorTest", "ValidatorTest\ValidatorTest.csproj", "{8AD2D57D-86DC-4B61-85D7-DF50B515C7CD}"
EndProject
Project("{FAE04EC0-301F-11D3-BF4B-00C04F79EFBC}") = "TesteEnum", "TesteEnum\TesteEnum.csproj", "{E7441EDF-8A66-4541-9F0D-C2D9AC588929}"
EndProject
Project("{FAE04EC0-301F-11D3-BF4B-00C04F79EFBC}") = "DateTimeProj", "DateTimeProj\DateTimeProj.csproj", "{081D1D4A-844D-4707-B14C-9414ED88E546}"
EndProject
Project("{FAE04EC0-301F-11D3-BF4B-00C04F79EFBC}") = "DesafioDIO", "DesafioDIO\DesafioDIO.csproj", "{F6D16D49-D046-4A5E-B82B-7B437EBD32CD}"
EndProject
Project("{FAE04EC0-301F-11D3-BF4B-00C04F79EFBC}") = "QuadradoEAoCubo", "QuadradoEAoCubo\QuadradoEAoCubo.csproj", "{DA6D9F6F-D983-4940-9DDB-BBA26F84C4D7}"
EndProject
Project("{FAE04EC0-301F-11D3-BF4B-00C04F79EFBC}") = "CorridaDeTartarugas", "CorridaDeTartarugas\CorridaDeTartarugas.csproj", "{6A0EB481-EBCC-4712-8B33-1E9379BB1FEE}"
EndProject
Project("{FAE04EC0-301F-11D3-BF4B-00C04F79EFBC}") = "UltrapassandoV", "UltrapassandoV\UltrapassandoV.csproj", "{1AED0878-EFF4-43CE-A907-300F9B37E72A}"
EndProject
Project("{FAE04EC0-301F-11D3-BF4B-00C04F79EFBC}") = "ValidacaoDeNota", "ValidacaoDeNota\ValidacaoDeNota.csproj", "{A6FA7C4E-B85D-409F-BF41-1D2F25232B6C}"
EndProject
Project("{FAE04EC0-301F-11D3-BF4B-00C04F79EFBC}") = "PedroBentoEOMundoDeOz", "PedroBentoEOMundoDeOz\PedroBentoEOMundoDeOz.csproj", "{0D4AC8AC-3555-4DDD-A06F-8802A195FCDE}"
EndProject
Global
	GlobalSection(SolutionConfigurationPlatforms) = preSolution
		Debug|Any CPU = Debug|Any CPU
		Release|Any CPU = Release|Any CPU
	EndGlobalSection
	GlobalSection(ProjectConfigurationPlatforms) = postSolution
		{F724239B-7FA3-4F67-AA6D-3AB0934A6586}.Debug|Any CPU.ActiveCfg = Debug|Any CPU
		{F724239B-7FA3-4F67-AA6D-3AB0934A6586}.Debug|Any CPU.Build.0 = Debug|Any CPU
		{F724239B-7FA3-4F67-AA6D-3AB0934A6586}.Release|Any CPU.ActiveCfg = Release|Any CPU
		{F724239B-7FA3-4F67-AA6D-3AB0934A6586}.Release|Any CPU.Build.0 = Release|Any CPU
		{9EAF2328-429F-4116-AC49-744B4ADF7C48}.Debug|Any CPU.ActiveCfg = Debug|Any CPU
		{9EAF2328-429F-4116-AC49-744B4ADF7C48}.Debug|Any CPU.Build.0 = Debug|Any CPU
		{9EAF2328-429F-4116-AC49-744B4ADF7C48}.Release|Any CPU.ActiveCfg = Release|Any CPU
		{9EAF2328-429F-4116-AC49-744B4ADF7C48}.Release|Any CPU.Build.0 = Release|Any CPU
		{31BF83A9-A3B2-48FF-B2FD-28549D911C43}.Debug|Any CPU.ActiveCfg = Debug|Any CPU
		{31BF83A9-A3B2-48FF-B2FD-28549D911C43}.Debug|Any CPU.Build.0 = Debug|Any CPU
		{31BF83A9-A3B2-48FF-B2FD-28549D911C43}.Release|Any CPU.ActiveCfg = Release|Any CPU
		{31BF83A9-A3B2-48FF-B2FD-28549D911C43}.Release|Any CPU.Build.0 = Release|Any CPU
		{F74B93F7-9AE6-40D8-8AF0-4EA5E44CA854}.Debug|Any CPU.ActiveCfg = Debug|Any CPU
		{F74B93F7-9AE6-40D8-8AF0-4EA5E44CA854}.Debug|Any CPU.Build.0 = Debug|Any CPU
		{F74B93F7-9AE6-40D8-8AF0-4EA5E44CA854}.Release|Any CPU.ActiveCfg = Release|Any CPU
		{F74B93F7-9AE6-40D8-8AF0-4EA5E44CA854}.Release|Any CPU.Build.0 = Release|Any CPU
		{C358D3CB-615D-45C8-950E-99A9F1592EDF}.Debug|Any CPU.ActiveCfg = Debug|Any CPU
		{C358D3CB-615D-45C8-950E-99A9F1592EDF}.Debug|Any CPU.Build.0 = Debug|Any CPU
		{C358D3CB-615D-45C8-950E-99A9F1592EDF}.Release|Any CPU.ActiveCfg = Release|Any CPU
		{C358D3CB-615D-45C8-950E-99A9F1592EDF}.Release|Any CPU.Build.0 = Release|Any CPU
		{FA5FC4E4-8AA8-4522-AE52-5A140FD55391}.Debug|Any CPU.ActiveCfg = Debug|Any CPU
		{FA5FC4E4-8AA8-4522-AE52-5A140FD55391}.Debug|Any CPU.Build.0 = Debug|Any CPU
		{FA5FC4E4-8AA8-4522-AE52-5A140FD55391}.Release|Any CPU.ActiveCfg = Release|Any CPU
		{FA5FC4E4-8AA8-4522-AE52-5A140FD55391}.Release|Any CPU.Build.0 = Release|Any CPU
		{EBCBAF6B-3971-482A-9D0B-8E3596B025E0}.Debug|Any CPU.ActiveCfg = Debug|Any CPU
		{EBCBAF6B-3971-482A-9D0B-8E3596B025E0}.Debug|Any CPU.Build.0 = Debug|Any CPU
		{EBCBAF6B-3971-482A-9D0B-8E3596B025E0}.Release|Any CPU.ActiveCfg = Release|Any CPU
		{EBCBAF6B-3971-482A-9D0B-8E3596B025E0}.Release|Any CPU.Build.0 = Release|Any CPU
		{75752EF2-8FAF-4B12-A231-98F887527A1F}.Debug|Any CPU.ActiveCfg = Debug|Any CPU
		{75752EF2-8FAF-4B12-A231-98F887527A1F}.Debug|Any CPU.Build.0 = Debug|Any CPU
		{75752EF2-8FAF-4B12-A231-98F887527A1F}.Release|Any CPU.ActiveCfg = Release|Any CPU
		{75752EF2-8FAF-4B12-A231-98F887527A1F}.Release|Any CPU.Build.0 = Release|Any CPU
		{939752E4-DAF7-4BD0-A124-1862BE5DDEC7}.Debug|Any CPU.ActiveCfg = Debug|Any CPU
		{939752E4-DAF7-4BD0-A124-1862BE5DDEC7}.Debug|Any CPU.Build.0 = Debug|Any CPU
		{939752E4-DAF7-4BD0-A124-1862BE5DDEC7}.Release|Any CPU.ActiveCfg = Release|Any CPU
		{939752E4-DAF7-4BD0-A124-1862BE5DDEC7}.Release|Any CPU.Build.0 = Release|Any CPU
		{AD5C414B-8111-401A-B9C4-4C9E10C84E02}.Debug|Any CPU.ActiveCfg = Debug|Any CPU
		{AD5C414B-8111-401A-B9C4-4C9E10C84E02}.Debug|Any CPU.Build.0 = Debug|Any CPU
		{AD5C414B-8111-401A-B9C4-4C9E10C84E02}.Release|Any CPU.ActiveCfg = Release|Any CPU
		{AD5C414B-8111-401A-B9C4-4C9E10C84E02}.Release|Any CPU.Build.0 = Release|Any CPU
		{4D8A51CB-9F02-4004-85ED-584BFAD8AA14}.Debug|Any CPU.ActiveCfg = Debug|Any CPU
		{4D8A51CB-9F02-4004-85ED-584BFAD8AA14}.Debug|Any CPU.Build.0 = Debug|Any CPU
		{4D8A51CB-9F02-4004-85ED-584BFAD8AA14}.Release|Any CPU.ActiveCfg = Release|Any CPU
		{4D8A51CB-9F02-4004-85ED-584BFAD8AA14}.Release|Any CPU.Build.0 = Release|Any CPU
		{B6651D47-D87E-4380-A441-F68F403808F1}.Debug|Any CPU.ActiveCfg = Debug|Any CPU
		{B6651D47-D87E-4380-A441-F68F403808F1}.Debug|Any CPU.Build.0 = Debug|Any CPU
		{B6651D47-D87E-4380-A441-F68F403808F1}.Release|Any CPU.ActiveCfg = Release|Any CPU
		{B6651D47-D87E-4380-A441-F68F403808F1}.Release|Any CPU.Build.0 = Release|Any CPU
		{E493EC23-DB3D-4952-A98B-FE92EDFC6EAB}.Debug|Any CPU.ActiveCfg = Debug|Any CPU
		{E493EC23-DB3D-4952-A98B-FE92EDFC6EAB}.Debug|Any CPU.Build.0 = Debug|Any CPU
		{E493EC23-DB3D-4952-A98B-FE92EDFC6EAB}.Release|Any CPU.ActiveCfg = Release|Any CPU
		{E493EC23-DB3D-4952-A98B-FE92EDFC6EAB}.Release|Any CPU.Build.0 = Release|Any CPU
		{E26E6799-8A3B-4958-BB2B-C874BC3B2513}.Debug|Any CPU.ActiveCfg = Debug|Any CPU
		{E26E6799-8A3B-4958-BB2B-C874BC3B2513}.Debug|Any CPU.Build.0 = Debug|Any CPU
		{E26E6799-8A3B-4958-BB2B-C874BC3B2513}.Release|Any CPU.ActiveCfg = Release|Any CPU
		{E26E6799-8A3B-4958-BB2B-C874BC3B2513}.Release|Any CPU.Build.0 = Release|Any CPU
		{499973EC-40EB-4A83-9641-A9A9A15ADF45}.Debug|Any CPU.ActiveCfg = Debug|Any CPU
		{499973EC-40EB-4A83-9641-A9A9A15ADF45}.Debug|Any CPU.Build.0 = Debug|Any CPU
		{499973EC-40EB-4A83-9641-A9A9A15ADF45}.Release|Any CPU.ActiveCfg = Release|Any CPU
		{499973EC-40EB-4A83-9641-A9A9A15ADF45}.Release|Any CPU.Build.0 = Release|Any CPU
		{CB674481-BFEC-4143-B18E-09DCBC176857}.Debug|Any CPU.ActiveCfg = Debug|Any CPU
		{CB674481-BFEC-4143-B18E-09DCBC176857}.Debug|Any CPU.Build.0 = Debug|Any CPU
		{CB674481-BFEC-4143-B18E-09DCBC176857}.Release|Any CPU.ActiveCfg = Release|Any CPU
		{CB674481-BFEC-4143-B18E-09DCBC176857}.Release|Any CPU.Build.0 = Release|Any CPU
		{DEAA0C9E-1AF4-47B7-873B-B6D18E90B4BF}.Debug|Any CPU.ActiveCfg = Debug|Any CPU
		{DEAA0C9E-1AF4-47B7-873B-B6D18E90B4BF}.Debug|Any CPU.Build.0 = Debug|Any CPU
		{DEAA0C9E-1AF4-47B7-873B-B6D18E90B4BF}.Release|Any CPU.ActiveCfg = Release|Any CPU
		{DEAA0C9E-1AF4-47B7-873B-B6D18E90B4BF}.Release|Any CPU.Build.0 = Release|Any CPU
		{69EE3BE1-2673-4F8C-95B1-CA54DD49A159}.Debug|Any CPU.ActiveCfg = Debug|Any CPU
		{69EE3BE1-2673-4F8C-95B1-CA54DD49A159}.Debug|Any CPU.Build.0 = Debug|Any CPU
		{69EE3BE1-2673-4F8C-95B1-CA54DD49A159}.Release|Any CPU.ActiveCfg = Release|Any CPU
		{69EE3BE1-2673-4F8C-95B1-CA54DD49A159}.Release|Any CPU.Build.0 = Release|Any CPU
		{91D07F3E-499B-42AF-99CB-CA80AED14E6E}.Debug|Any CPU.ActiveCfg = Debug|Any CPU
		{91D07F3E-499B-42AF-99CB-CA80AED14E6E}.Debug|Any CPU.Build.0 = Debug|Any CPU
		{91D07F3E-499B-42AF-99CB-CA80AED14E6E}.Release|Any CPU.ActiveCfg = Release|Any CPU
		{91D07F3E-499B-42AF-99CB-CA80AED14E6E}.Release|Any CPU.Build.0 = Release|Any CPU
		{70817893-F49A-4B54-8C4F-532625AC7E56}.Debug|Any CPU.ActiveCfg = Debug|Any CPU
		{70817893-F49A-4B54-8C4F-532625AC7E56}.Debug|Any CPU.Build.0 = Debug|Any CPU
		{70817893-F49A-4B54-8C4F-532625AC7E56}.Release|Any CPU.ActiveCfg = Release|Any CPU
		{70817893-F49A-4B54-8C4F-532625AC7E56}.Release|Any CPU.Build.0 = Release|Any CPU
		{B1538E32-54B4-4AE9-B07B-7B749A915614}.Debug|Any CPU.ActiveCfg = Debug|Any CPU
		{B1538E32-54B4-4AE9-B07B-7B749A915614}.Debug|Any CPU.Build.0 = Debug|Any CPU
		{B1538E32-54B4-4AE9-B07B-7B749A915614}.Release|Any CPU.ActiveCfg = Release|Any CPU
		{B1538E32-54B4-4AE9-B07B-7B749A915614}.Release|Any CPU.Build.0 = Release|Any CPU
		{C842D6CF-0B18-455F-843F-EC8FEA6C987D}.Debug|Any CPU.ActiveCfg = Debug|Any CPU
		{C842D6CF-0B18-455F-843F-EC8FEA6C987D}.Debug|Any CPU.Build.0 = Debug|Any CPU
		{C842D6CF-0B18-455F-843F-EC8FEA6C987D}.Release|Any CPU.ActiveCfg = Release|Any CPU
		{C842D6CF-0B18-455F-843F-EC8FEA6C987D}.Release|Any CPU.Build.0 = Release|Any CPU
		{8A53109F-382E-43C2-B71C-025BE83004E4}.Debug|Any CPU.ActiveCfg = Debug|Any CPU
		{8A53109F-382E-43C2-B71C-025BE83004E4}.Debug|Any CPU.Build.0 = Debug|Any CPU
		{8A53109F-382E-43C2-B71C-025BE83004E4}.Release|Any CPU.ActiveCfg = Release|Any CPU
		{8A53109F-382E-43C2-B71C-025BE83004E4}.Release|Any CPU.Build.0 = Release|Any CPU
		{096129C7-5F59-43F7-AB36-B258D6987432}.Debug|Any CPU.ActiveCfg = Debug|Any CPU
		{096129C7-5F59-43F7-AB36-B258D6987432}.Debug|Any CPU.Build.0 = Debug|Any CPU
		{096129C7-5F59-43F7-AB36-B258D6987432}.Release|Any CPU.ActiveCfg = Release|Any CPU
		{096129C7-5F59-43F7-AB36-B258D6987432}.Release|Any CPU.Build.0 = Release|Any CPU
		{F7951F2A-3F09-4875-A211-BD45ECE53D02}.Debug|Any CPU.ActiveCfg = Debug|Any CPU
		{F7951F2A-3F09-4875-A211-BD45ECE53D02}.Debug|Any CPU.Build.0 = Debug|Any CPU
		{F7951F2A-3F09-4875-A211-BD45ECE53D02}.Release|Any CPU.ActiveCfg = Release|Any CPU
		{F7951F2A-3F09-4875-A211-BD45ECE53D02}.Release|Any CPU.Build.0 = Release|Any CPU
		{7AA1383F-48ED-4C45-BBFB-B03E0EB4B9C4}.Debug|Any CPU.ActiveCfg = Debug|Any CPU
		{7AA1383F-48ED-4C45-BBFB-B03E0EB4B9C4}.Debug|Any CPU.Build.0 = Debug|Any CPU
		{7AA1383F-48ED-4C45-BBFB-B03E0EB4B9C4}.Release|Any CPU.ActiveCfg = Release|Any CPU
		{7AA1383F-48ED-4C45-BBFB-B03E0EB4B9C4}.Release|Any CPU.Build.0 = Release|Any CPU
		{B6B60E08-DD68-47F5-BBA3-53F1350D03B9}.Debug|Any CPU.ActiveCfg = Debug|Any CPU
		{B6B60E08-DD68-47F5-BBA3-53F1350D03B9}.Debug|Any CPU.Build.0 = Debug|Any CPU
		{B6B60E08-DD68-47F5-BBA3-53F1350D03B9}.Release|Any CPU.ActiveCfg = Release|Any CPU
		{B6B60E08-DD68-47F5-BBA3-53F1350D03B9}.Release|Any CPU.Build.0 = Release|Any CPU
		{8AD2D57D-86DC-4B61-85D7-DF50B515C7CD}.Debug|Any CPU.ActiveCfg = Debug|Any CPU
		{8AD2D57D-86DC-4B61-85D7-DF50B515C7CD}.Debug|Any CPU.Build.0 = Debug|Any CPU
		{8AD2D57D-86DC-4B61-85D7-DF50B515C7CD}.Release|Any CPU.ActiveCfg = Release|Any CPU
		{8AD2D57D-86DC-4B61-85D7-DF50B515C7CD}.Release|Any CPU.Build.0 = Release|Any CPU
		{E7441EDF-8A66-4541-9F0D-C2D9AC588929}.Debug|Any CPU.ActiveCfg = Debug|Any CPU
		{E7441EDF-8A66-4541-9F0D-C2D9AC588929}.Debug|Any CPU.Build.0 = Debug|Any CPU
		{E7441EDF-8A66-4541-9F0D-C2D9AC588929}.Release|Any CPU.ActiveCfg = Release|Any CPU
		{E7441EDF-8A66-4541-9F0D-C2D9AC588929}.Release|Any CPU.Build.0 = Release|Any CPU
		{081D1D4A-844D-4707-B14C-9414ED88E546}.Debug|Any CPU.ActiveCfg = Debug|Any CPU
		{081D1D4A-844D-4707-B14C-9414ED88E546}.Debug|Any CPU.Build.0 = Debug|Any CPU
		{081D1D4A-844D-4707-B14C-9414ED88E546}.Release|Any CPU.ActiveCfg = Release|Any CPU
		{081D1D4A-844D-4707-B14C-9414ED88E546}.Release|Any CPU.Build.0 = Release|Any CPU
		{F6D16D49-D046-4A5E-B82B-7B437EBD32CD}.Debug|Any CPU.ActiveCfg = Debug|Any CPU
		{F6D16D49-D046-4A5E-B82B-7B437EBD32CD}.Debug|Any CPU.Build.0 = Debug|Any CPU
		{F6D16D49-D046-4A5E-B82B-7B437EBD32CD}.Release|Any CPU.ActiveCfg = Release|Any CPU
		{F6D16D49-D046-4A5E-B82B-7B437EBD32CD}.Release|Any CPU.Build.0 = Release|Any CPU
		{DA6D9F6F-D983-4940-9DDB-BBA26F84C4D7}.Debug|Any CPU.ActiveCfg = Debug|Any CPU
		{DA6D9F6F-D983-4940-9DDB-BBA26F84C4D7}.Debug|Any CPU.Build.0 = Debug|Any CPU
		{DA6D9F6F-D983-4940-9DDB-BBA26F84C4D7}.Release|Any CPU.ActiveCfg = Release|Any CPU
		{DA6D9F6F-D983-4940-9DDB-BBA26F84C4D7}.Release|Any CPU.Build.0 = Release|Any CPU
		{6A0EB481-EBCC-4712-8B33-1E9379BB1FEE}.Debug|Any CPU.ActiveCfg = Debug|Any CPU
		{6A0EB481-EBCC-4712-8B33-1E9379BB1FEE}.Debug|Any CPU.Build.0 = Debug|Any CPU
		{6A0EB481-EBCC-4712-8B33-1E9379BB1FEE}.Release|Any CPU.ActiveCfg = Release|Any CPU
		{6A0EB481-EBCC-4712-8B33-1E9379BB1FEE}.Release|Any CPU.Build.0 = Release|Any CPU
		{1AED0878-EFF4-43CE-A907-300F9B37E72A}.Debug|Any CPU.ActiveCfg = Debug|Any CPU
		{1AED0878-EFF4-43CE-A907-300F9B37E72A}.Debug|Any CPU.Build.0 = Debug|Any CPU
		{1AED0878-EFF4-43CE-A907-300F9B37E72A}.Release|Any CPU.ActiveCfg = Release|Any CPU
		{1AED0878-EFF4-43CE-A907-300F9B37E72A}.Release|Any CPU.Build.0 = Release|Any CPU
		{A6FA7C4E-B85D-409F-BF41-1D2F25232B6C}.Debug|Any CPU.ActiveCfg = Debug|Any CPU
		{A6FA7C4E-B85D-409F-BF41-1D2F25232B6C}.Debug|Any CPU.Build.0 = Debug|Any CPU
		{A6FA7C4E-B85D-409F-BF41-1D2F25232B6C}.Release|Any CPU.ActiveCfg = Release|Any CPU
		{A6FA7C4E-B85D-409F-BF41-1D2F25232B6C}.Release|Any CPU.Build.0 = Release|Any CPU
		{0D4AC8AC-3555-4DDD-A06F-8802A195FCDE}.Debug|Any CPU.ActiveCfg = Debug|Any CPU
		{0D4AC8AC-3555-4DDD-A06F-8802A195FCDE}.Debug|Any CPU.Build.0 = Debug|Any CPU
		{0D4AC8AC-3555-4DDD-A06F-8802A195FCDE}.Release|Any CPU.ActiveCfg = Release|Any CPU
		{0D4AC8AC-3555-4DDD-A06F-8802A195FCDE}.Release|Any CPU.Build.0 = Release|Any CPU
	EndGlobalSection
EndGlobal
